
Microsoft Visual Studio Solution File, Format Version 12.00
# Visual Studio Version 16
VisualStudioVersion = 16.0.29102.190
MinimumVisualStudioVersion = 10.0.40219.1
Project("{FAE04EC0-301F-11D3-BF4B-00C04F79EFBC}") = "ExcelNPOI", "ExcelNPOI\ExcelNPOI.csproj", "{26606CF4-BC83-42A8-ADDE-31E4D082F22D}"
EndProject
Global
	GlobalSection(SolutionConfigurationPlatforms) = preSolution
		Debug|Any CPU = Debug|Any CPU
		Release|Any CPU = Release|Any CPU
	EndGlobalSection
	GlobalSection(ProjectConfigurationPlatforms) = postSolution
		{26606CF4-BC83-42A8-ADDE-31E4D082F22D}.Debug|Any CPU.ActiveCfg = Debug|Any CPU
		{26606CF4-BC83-42A8-ADDE-31E4D082F22D}.Debug|Any CPU.Build.0 = Debug|Any CPU
		{26606CF4-BC83-42A8-ADDE-31E4D082F22D}.Release|Any CPU.ActiveCfg = Release|Any CPU
		{26606CF4-BC83-42A8-ADDE-31E4D082F22D}.Release|Any CPU.Build.0 = Release|Any CPU
	EndGlobalSection
	GlobalSection(SolutionProperties) = preSolution
		HideSolutionNode = FALSE
	EndGlobalSection
	GlobalSection(ExtensibilityGlobals) = postSolution
		SolutionGuid = {83681E8F-F2FA-4CF7-983C-F792A926AA94}
	EndGlobalSection
EndGlobal
